// !$*UTF8*$!
{
	archiveVersion = 1;
	classes = {
	};
	objectVersion = 45;
	objects = {

/* Begin PBXBuildFile section */
		1D3623260D0F684500981E51 /* JustPlayedAppDelegate.m in Sources */ = {isa = PBXBuildFile; fileRef = 1D3623250D0F684500981E51 /* JustPlayedAppDelegate.m */; };
		1D60589B0D05DD56006BFB54 /* main.m in Sources */ = {isa = PBXBuildFile; fileRef = 29B97316FDCFA39411CA2CEA /* main.m */; };
		1D60589F0D05DD5A006BFB54 /* Foundation.framework in Frameworks */ = {isa = PBXBuildFile; fileRef = 1D30AB110D05D00D00671497 /* Foundation.framework */; };
		1DF5F4E00D08C38300B7A737 /* UIKit.framework in Frameworks */ = {isa = PBXBuildFile; fileRef = 1DF5F4DF0D08C38300B7A737 /* UIKit.framework */; };
		288765A50DF7441C002DB57D /* CoreGraphics.framework in Frameworks */ = {isa = PBXBuildFile; fileRef = 288765A40DF7441C002DB57D /* CoreGraphics.framework */; };
		28D7ACF80DDB3853001CB0EB /* JustPlayedViewController.m in Sources */ = {isa = PBXBuildFile; fileRef = 28D7ACF70DDB3853001CB0EB /* JustPlayedViewController.m */; };
		DF3D29ED0FD8E2DD00E2F374 /* Snap.m in Sources */ = {isa = PBXBuildFile; fileRef = DF3D29EC0FD8E2DD00E2F374 /* Snap.m */; };
		DF3D29EE0FD8E2DD00E2F374 /* Snap.m in Sources */ = {isa = PBXBuildFile; fileRef = DF3D29EC0FD8E2DD00E2F374 /* Snap.m */; };
		DF598EA20FA6D1B7005D6E40 /* libicucore.dylib in Frameworks */ = {isa = PBXBuildFile; fileRef = DF598EA10FA6D1B7005D6E40 /* libicucore.dylib */; };
		DF598EA30FA6D1B7005D6E40 /* libicucore.dylib in Frameworks */ = {isa = PBXBuildFile; fileRef = DF598EA10FA6D1B7005D6E40 /* libicucore.dylib */; };
		DF6A81A40FFE8F2600E580D5 /* 53-house.png in Resources */ = {isa = PBXBuildFile; fileRef = DF6A819B0FFE8F2600E580D5 /* 53-house.png */; };
		DF6A81A50FFE8F2600E580D5 /* 74-location.png in Resources */ = {isa = PBXBuildFile; fileRef = DF6A819C0FFE8F2600E580D5 /* 74-location.png */; };
		DF6A81A60FFE8F2600E580D5 /* Default.png in Resources */ = {isa = PBXBuildFile; fileRef = DF6A819D0FFE8F2600E580D5 /* Default.png */; };
		DF6A81A70FFE8F2600E580D5 /* Icon.png in Resources */ = {isa = PBXBuildFile; fileRef = DF6A819E0FFE8F2600E580D5 /* Icon.png */; };
		DF6A81A90FFE8F2600E580D5 /* JustPlayedViewController.xib in Resources */ = {isa = PBXBuildFile; fileRef = DF6A81A00FFE8F2600E580D5 /* JustPlayedViewController.xib */; };
		DF6A81AA0FFE8F2600E580D5 /* LargeIcon.png in Resources */ = {isa = PBXBuildFile; fileRef = DF6A81A10FFE8F2600E580D5 /* LargeIcon.png */; };
		DF6A81AB0FFE8F2600E580D5 /* MainWindow.xib in Resources */ = {isa = PBXBuildFile; fileRef = DF6A81A20FFE8F2600E580D5 /* MainWindow.xib */; };
		DF6A81AC0FFE8F2600E580D5 /* Settings.bundle in Resources */ = {isa = PBXBuildFile; fileRef = DF6A81A30FFE8F2600E580D5 /* Settings.bundle */; };
		DF6A81AD0FFE8F2600E580D5 /* 53-house.png in Resources */ = {isa = PBXBuildFile; fileRef = DF6A819B0FFE8F2600E580D5 /* 53-house.png */; };
		DF6A81AE0FFE8F2600E580D5 /* 74-location.png in Resources */ = {isa = PBXBuildFile; fileRef = DF6A819C0FFE8F2600E580D5 /* 74-location.png */; };
		DF6A81AF0FFE8F2600E580D5 /* Default.png in Resources */ = {isa = PBXBuildFile; fileRef = DF6A819D0FFE8F2600E580D5 /* Default.png */; };
		DF6A81B00FFE8F2600E580D5 /* Icon.png in Resources */ = {isa = PBXBuildFile; fileRef = DF6A819E0FFE8F2600E580D5 /* Icon.png */; };
		DF6A81B20FFE8F2600E580D5 /* JustPlayedViewController.xib in Resources */ = {isa = PBXBuildFile; fileRef = DF6A81A00FFE8F2600E580D5 /* JustPlayedViewController.xib */; };
		DF6A81B30FFE8F2600E580D5 /* LargeIcon.png in Resources */ = {isa = PBXBuildFile; fileRef = DF6A81A10FFE8F2600E580D5 /* LargeIcon.png */; };
		DF6A81B40FFE8F2600E580D5 /* MainWindow.xib in Resources */ = {isa = PBXBuildFile; fileRef = DF6A81A20FFE8F2600E580D5 /* MainWindow.xib */; };
		DF6A81B50FFE8F2600E580D5 /* Settings.bundle in Resources */ = {isa = PBXBuildFile; fileRef = DF6A81A30FFE8F2600E580D5 /* Settings.bundle */; };
		DF7EC8E40F9BFCE8005AD5B0 /* main.m in Sources */ = {isa = PBXBuildFile; fileRef = 29B97316FDCFA39411CA2CEA /* main.m */; };
		DF7EC8E50F9BFCE8005AD5B0 /* JustPlayedAppDelegate.m in Sources */ = {isa = PBXBuildFile; fileRef = 1D3623250D0F684500981E51 /* JustPlayedAppDelegate.m */; };
		DF7EC8E60F9BFCE8005AD5B0 /* JustPlayedViewController.m in Sources */ = {isa = PBXBuildFile; fileRef = 28D7ACF70DDB3853001CB0EB /* JustPlayedViewController.m */; };
		DF7EC8E80F9BFCE8005AD5B0 /* Foundation.framework in Frameworks */ = {isa = PBXBuildFile; fileRef = 1D30AB110D05D00D00671497 /* Foundation.framework */; };
		DF7EC8E90F9BFCE8005AD5B0 /* UIKit.framework in Frameworks */ = {isa = PBXBuildFile; fileRef = 1DF5F4DF0D08C38300B7A737 /* UIKit.framework */; };
		DF7EC8EA0F9BFCE8005AD5B0 /* CoreGraphics.framework in Frameworks */ = {isa = PBXBuildFile; fileRef = 288765A40DF7441C002DB57D /* CoreGraphics.framework */; };
		DF7EC8F60F9BFD26005AD5B0 /* libxml2.dylib in Frameworks */ = {isa = PBXBuildFile; fileRef = DF7EC8DA0F9BF9E9005AD5B0 /* libxml2.dylib */; };
		DF7EC92D0F9BFD50005AD5B0 /* ScriptRunner.m in Sources */ = {isa = PBXBuildFile; fileRef = DF7EC9190F9BFD50005AD5B0 /* ScriptRunner.m */; };
		DF7EC92F0F9BFD50005AD5B0 /* TouchSynthesis.m in Sources */ = {isa = PBXBuildFile; fileRef = DF7EC91C0F9BFD50005AD5B0 /* TouchSynthesis.m */; };
		DF7EC9300F9BFD50005AD5B0 /* UIApplication+XMLDescription.m in Sources */ = {isa = PBXBuildFile; fileRef = DF7EC91E0F9BFD50005AD5B0 /* UIApplication+XMLDescription.m */; };
		DF7EC9310F9BFD50005AD5B0 /* UIView+XMLDescription.m in Sources */ = {isa = PBXBuildFile; fileRef = DF7EC9200F9BFD50005AD5B0 /* UIView+XMLDescription.m */; };
		DF7EC9320F9BFD50005AD5B0 /* XPathQuery.m in Sources */ = {isa = PBXBuildFile; fileRef = DF7EC9230F9BFD50005AD5B0 /* XPathQuery.m */; };
		DF7EC9A00F9BFEC5005AD5B0 /* AsyncSocket.m in Sources */ = {isa = PBXBuildFile; fileRef = DF7EC9790F9BFEC5005AD5B0 /* AsyncSocket.m */; };
		DF7EC9A30F9BFEC5005AD5B0 /* MyHTTPConnection.m in Sources */ = {isa = PBXBuildFile; fileRef = DF7EC9800F9BFEC5005AD5B0 /* MyHTTPConnection.m */; };
		DF7EC9A40F9BFEC5005AD5B0 /* DDData.m in Sources */ = {isa = PBXBuildFile; fileRef = DF7EC9820F9BFEC5005AD5B0 /* DDData.m */; };
		DF7EC9A50F9BFEC5005AD5B0 /* DDNumber.m in Sources */ = {isa = PBXBuildFile; fileRef = DF7EC9840F9BFEC5005AD5B0 /* DDNumber.m */; };
		DF7EC9A60F9BFEC5005AD5B0 /* DDRange.m in Sources */ = {isa = PBXBuildFile; fileRef = DF7EC9860F9BFEC5005AD5B0 /* DDRange.m */; };
		DF7EC9A70F9BFEC5005AD5B0 /* HTTPAuthenticationRequest.m in Sources */ = {isa = PBXBuildFile; fileRef = DF7EC9880F9BFEC5005AD5B0 /* HTTPAuthenticationRequest.m */; };
		DF7EC9A80F9BFEC5005AD5B0 /* HTTPConnection.m in Sources */ = {isa = PBXBuildFile; fileRef = DF7EC98A0F9BFEC5005AD5B0 /* HTTPConnection.m */; };
		DF7EC9A90F9BFEC5005AD5B0 /* HTTPResponse.m in Sources */ = {isa = PBXBuildFile; fileRef = DF7EC98C0F9BFEC5005AD5B0 /* HTTPResponse.m */; };
		DF7EC9AA0F9BFEC5005AD5B0 /* HTTPServer.m in Sources */ = {isa = PBXBuildFile; fileRef = DF7EC98E0F9BFEC5005AD5B0 /* HTTPServer.m */; };
		DF7EC9B90F9BFFA6005AD5B0 /* CFNetwork.framework in Frameworks */ = {isa = PBXBuildFile; fileRef = DF7EC9B80F9BFFA6005AD5B0 /* CFNetwork.framework */; };
		DFD4C5C20FD6D30C00532647 /* ASIHTTPRequest.m in Sources */ = {isa = PBXBuildFile; fileRef = DFD4C5BF0FD6D30C00532647 /* ASIHTTPRequest.m */; };
		DFD4C5C30FD6D30C00532647 /* ASINetworkQueue.m in Sources */ = {isa = PBXBuildFile; fileRef = DFD4C5C10FD6D30C00532647 /* ASINetworkQueue.m */; };
		DFD4C5C40FD6D30C00532647 /* ASIHTTPRequest.m in Sources */ = {isa = PBXBuildFile; fileRef = DFD4C5BF0FD6D30C00532647 /* ASIHTTPRequest.m */; };
		DFD4C5C50FD6D30C00532647 /* ASINetworkQueue.m in Sources */ = {isa = PBXBuildFile; fileRef = DFD4C5C10FD6D30C00532647 /* ASINetworkQueue.m */; };
		DFD4C5CB0FD6D39A00532647 /* CFNetwork.framework in Frameworks */ = {isa = PBXBuildFile; fileRef = DF7EC9B80F9BFFA6005AD5B0 /* CFNetwork.framework */; };
		DFD4C5CD0FD6D3B800532647 /* libz.dylib in Frameworks */ = {isa = PBXBuildFile; fileRef = DFD4C5CC0FD6D3B800532647 /* libz.dylib */; };
		DFD4C5CE0FD6D3B800532647 /* libz.dylib in Frameworks */ = {isa = PBXBuildFile; fileRef = DFD4C5CC0FD6D3B800532647 /* libz.dylib */; };
/* End PBXBuildFile section */

/* Begin PBXFileReference section */
		1D30AB110D05D00D00671497 /* Foundation.framework */ = {isa = PBXFileReference; lastKnownFileType = wrapper.framework; name = Foundation.framework; path = System/Library/Frameworks/Foundation.framework; sourceTree = SDKROOT; };
		1D3623240D0F684500981E51 /* JustPlayedAppDelegate.h */ = {isa = PBXFileReference; fileEncoding = 4; lastKnownFileType = sourcecode.c.h; path = JustPlayedAppDelegate.h; sourceTree = "<group>"; };
		1D3623250D0F684500981E51 /* JustPlayedAppDelegate.m */ = {isa = PBXFileReference; fileEncoding = 4; lastKnownFileType = sourcecode.c.objc; path = JustPlayedAppDelegate.m; sourceTree = "<group>"; };
		1D6058910D05DD3D006BFB54 /* Just Played.app */ = {isa = PBXFileReference; explicitFileType = wrapper.application; includeInIndex = 0; path = "Just Played.app"; sourceTree = BUILT_PRODUCTS_DIR; };
		1DF5F4DF0D08C38300B7A737 /* UIKit.framework */ = {isa = PBXFileReference; lastKnownFileType = wrapper.framework; name = UIKit.framework; path = System/Library/Frameworks/UIKit.framework; sourceTree = SDKROOT; };
		288765A40DF7441C002DB57D /* CoreGraphics.framework */ = {isa = PBXFileReference; lastKnownFileType = wrapper.framework; name = CoreGraphics.framework; path = System/Library/Frameworks/CoreGraphics.framework; sourceTree = SDKROOT; };
		28D7ACF60DDB3853001CB0EB /* JustPlayedViewController.h */ = {isa = PBXFileReference; fileEncoding = 4; lastKnownFileType = sourcecode.c.h; path = JustPlayedViewController.h; sourceTree = "<group>"; };
		28D7ACF70DDB3853001CB0EB /* JustPlayedViewController.m */ = {isa = PBXFileReference; fileEncoding = 4; lastKnownFileType = sourcecode.c.objc; path = JustPlayedViewController.m; sourceTree = "<group>"; };
		29B97316FDCFA39411CA2CEA /* main.m */ = {isa = PBXFileReference; fileEncoding = 4; lastKnownFileType = sourcecode.c.objc; path = main.m; sourceTree = "<group>"; };
		32CA4F630368D1EE00C91783 /* JustPlayed_Prefix.pch */ = {isa = PBXFileReference; fileEncoding = 4; lastKnownFileType = sourcecode.c.h; path = JustPlayed_Prefix.pch; sourceTree = "<group>"; };
		DF3D29EB0FD8E2DD00E2F374 /* Snap.h */ = {isa = PBXFileReference; fileEncoding = 4; lastKnownFileType = sourcecode.c.h; path = Snap.h; sourceTree = "<group>"; };
		DF3D29EC0FD8E2DD00E2F374 /* Snap.m */ = {isa = PBXFileReference; fileEncoding = 4; lastKnownFileType = sourcecode.c.objc; path = Snap.m; sourceTree = "<group>"; };
		DF598EA10FA6D1B7005D6E40 /* libicucore.dylib */ = {isa = PBXFileReference; lastKnownFileType = "compiled.mach-o.dylib"; name = libicucore.dylib; path = usr/lib/libicucore.dylib; sourceTree = SDKROOT; };
		DF6A819B0FFE8F2600E580D5 /* 53-house.png */ = {isa = PBXFileReference; lastKnownFileType = image.png; path = "53-house.png"; sourceTree = "<group>"; };
		DF6A819C0FFE8F2600E580D5 /* 74-location.png */ = {isa = PBXFileReference; lastKnownFileType = image.png; path = "74-location.png"; sourceTree = "<group>"; };
		DF6A819D0FFE8F2600E580D5 /* Default.png */ = {isa = PBXFileReference; lastKnownFileType = image.png; path = Default.png; sourceTree = "<group>"; };
		DF6A819E0FFE8F2600E580D5 /* Icon.png */ = {isa = PBXFileReference; lastKnownFileType = image.png; path = Icon.png; sourceTree = "<group>"; };
		DF6A819F0FFE8F2600E580D5 /* Info.plist */ = {isa = PBXFileReference; fileEncoding = 4; lastKnownFileType = text.plist.xml; path = Info.plist; sourceTree = "<group>"; };
		DF6A81A00FFE8F2600E580D5 /* JustPlayedViewController.xib */ = {isa = PBXFileReference; lastKnownFileType = file.xib; path = JustPlayedViewController.xib; sourceTree = "<group>"; };
		DF6A81A10FFE8F2600E580D5 /* LargeIcon.png */ = {isa = PBXFileReference; lastKnownFileType = image.png; path = LargeIcon.png; sourceTree = "<group>"; };
		DF6A81A20FFE8F2600E580D5 /* MainWindow.xib */ = {isa = PBXFileReference; lastKnownFileType = file.xib; path = MainWindow.xib; sourceTree = "<group>"; };
		DF6A81A30FFE8F2600E580D5 /* Settings.bundle */ = {isa = PBXFileReference; lastKnownFileType = "wrapper.plug-in"; path = Settings.bundle; sourceTree = "<group>"; };
		DF7EC8DA0F9BF9E9005AD5B0 /* libxml2.dylib */ = {isa = PBXFileReference; lastKnownFileType = "compiled.mach-o.dylib"; name = libxml2.dylib; path = usr/lib/libxml2.dylib; sourceTree = SDKROOT; };
		DF7EC8EE0F9BFCE8005AD5B0 /* Just Played.app */ = {isa = PBXFileReference; explicitFileType = wrapper.application; includeInIndex = 0; path = "Just Played.app"; sourceTree = BUILT_PRODUCTS_DIR; };
		DF7EC9180F9BFD50005AD5B0 /* ScriptRunner.h */ = {isa = PBXFileReference; fileEncoding = 4; lastKnownFileType = sourcecode.c.h; path = ScriptRunner.h; sourceTree = "<group>"; };
		DF7EC9190F9BFD50005AD5B0 /* ScriptRunner.m */ = {isa = PBXFileReference; fileEncoding = 4; lastKnownFileType = sourcecode.c.objc; path = ScriptRunner.m; sourceTree = "<group>"; };
		DF7EC91B0F9BFD50005AD5B0 /* TouchSynthesis.h */ = {isa = PBXFileReference; fileEncoding = 4; lastKnownFileType = sourcecode.c.h; path = TouchSynthesis.h; sourceTree = "<group>"; };
		DF7EC91C0F9BFD50005AD5B0 /* TouchSynthesis.m */ = {isa = PBXFileReference; fileEncoding = 4; lastKnownFileType = sourcecode.c.objc; path = TouchSynthesis.m; sourceTree = "<group>"; };
		DF7EC91D0F9BFD50005AD5B0 /* UIApplication+XMLDescription.h */ = {isa = PBXFileReference; fileEncoding = 4; lastKnownFileType = sourcecode.c.h; path = "UIApplication+XMLDescription.h"; sourceTree = "<group>"; };
		DF7EC91E0F9BFD50005AD5B0 /* UIApplication+XMLDescription.m */ = {isa = PBXFileReference; fileEncoding = 4; lastKnownFileType = sourcecode.c.objc; path = "UIApplication+XMLDescription.m"; sourceTree = "<group>"; };
		DF7EC91F0F9BFD50005AD5B0 /* UIView+XMLDescription.h */ = {isa = PBXFileReference; fileEncoding = 4; lastKnownFileType = sourcecode.c.h; path = "UIView+XMLDescription.h"; sourceTree = "<group>"; };
		DF7EC9200F9BFD50005AD5B0 /* UIView+XMLDescription.m */ = {isa = PBXFileReference; fileEncoding = 4; lastKnownFileType = sourcecode.c.objc; path = "UIView+XMLDescription.m"; sourceTree = "<group>"; };
		DF7EC9210F9BFD50005AD5B0 /* XMLDescription.h */ = {isa = PBXFileReference; fileEncoding = 4; lastKnownFileType = sourcecode.c.h; path = XMLDescription.h; sourceTree = "<group>"; };
		DF7EC9220F9BFD50005AD5B0 /* XPathQuery.h */ = {isa = PBXFileReference; fileEncoding = 4; lastKnownFileType = sourcecode.c.h; path = XPathQuery.h; sourceTree = "<group>"; };
		DF7EC9230F9BFD50005AD5B0 /* XPathQuery.m */ = {isa = PBXFileReference; fileEncoding = 4; lastKnownFileType = sourcecode.c.objc; path = XPathQuery.m; sourceTree = "<group>"; };
		DF7EC9780F9BFEC5005AD5B0 /* AsyncSocket.h */ = {isa = PBXFileReference; fileEncoding = 4; lastKnownFileType = sourcecode.c.h; path = AsyncSocket.h; sourceTree = "<group>"; };
		DF7EC9790F9BFEC5005AD5B0 /* AsyncSocket.m */ = {isa = PBXFileReference; fileEncoding = 4; lastKnownFileType = sourcecode.c.objc; path = AsyncSocket.m; sourceTree = "<group>"; };
		DF7EC97F0F9BFEC5005AD5B0 /* MyHTTPConnection.h */ = {isa = PBXFileReference; fileEncoding = 4; lastKnownFileType = sourcecode.c.h; path = MyHTTPConnection.h; sourceTree = "<group>"; };
		DF7EC9800F9BFEC5005AD5B0 /* MyHTTPConnection.m */ = {isa = PBXFileReference; fileEncoding = 4; lastKnownFileType = sourcecode.c.objc; path = MyHTTPConnection.m; sourceTree = "<group>"; };
		DF7EC9810F9BFEC5005AD5B0 /* DDData.h */ = {isa = PBXFileReference; fileEncoding = 4; lastKnownFileType = sourcecode.c.h; path = DDData.h; sourceTree = "<group>"; };
		DF7EC9820F9BFEC5005AD5B0 /* DDData.m */ = {isa = PBXFileReference; fileEncoding = 4; lastKnownFileType = sourcecode.c.objc; path = DDData.m; sourceTree = "<group>"; };
		DF7EC9830F9BFEC5005AD5B0 /* DDNumber.h */ = {isa = PBXFileReference; fileEncoding = 4; lastKnownFileType = sourcecode.c.h; path = DDNumber.h; sourceTree = "<group>"; };
		DF7EC9840F9BFEC5005AD5B0 /* DDNumber.m */ = {isa = PBXFileReference; fileEncoding = 4; lastKnownFileType = sourcecode.c.objc; path = DDNumber.m; sourceTree = "<group>"; };
		DF7EC9850F9BFEC5005AD5B0 /* DDRange.h */ = {isa = PBXFileReference; fileEncoding = 4; lastKnownFileType = sourcecode.c.h; path = DDRange.h; sourceTree = "<group>"; };
		DF7EC9860F9BFEC5005AD5B0 /* DDRange.m */ = {isa = PBXFileReference; fileEncoding = 4; lastKnownFileType = sourcecode.c.objc; path = DDRange.m; sourceTree = "<group>"; };
		DF7EC9870F9BFEC5005AD5B0 /* HTTPAuthenticationRequest.h */ = {isa = PBXFileReference; fileEncoding = 4; lastKnownFileType = sourcecode.c.h; path = HTTPAuthenticationRequest.h; sourceTree = "<group>"; };
		DF7EC9880F9BFEC5005AD5B0 /* HTTPAuthenticationRequest.m */ = {isa = PBXFileReference; fileEncoding = 4; lastKnownFileType = sourcecode.c.objc; path = HTTPAuthenticationRequest.m; sourceTree = "<group>"; };
		DF7EC9890F9BFEC5005AD5B0 /* HTTPConnection.h */ = {isa = PBXFileReference; fileEncoding = 4; lastKnownFileType = sourcecode.c.h; path = HTTPConnection.h; sourceTree = "<group>"; };
		DF7EC98A0F9BFEC5005AD5B0 /* HTTPConnection.m */ = {isa = PBXFileReference; fileEncoding = 4; lastKnownFileType = sourcecode.c.objc; path = HTTPConnection.m; sourceTree = "<group>"; };
		DF7EC98B0F9BFEC5005AD5B0 /* HTTPResponse.h */ = {isa = PBXFileReference; fileEncoding = 4; lastKnownFileType = sourcecode.c.h; path = HTTPResponse.h; sourceTree = "<group>"; };
		DF7EC98C0F9BFEC5005AD5B0 /* HTTPResponse.m */ = {isa = PBXFileReference; fileEncoding = 4; lastKnownFileType = sourcecode.c.objc; path = HTTPResponse.m; sourceTree = "<group>"; };
		DF7EC98D0F9BFEC5005AD5B0 /* HTTPServer.h */ = {isa = PBXFileReference; fileEncoding = 4; lastKnownFileType = sourcecode.c.h; path = HTTPServer.h; sourceTree = "<group>"; };
		DF7EC98E0F9BFEC5005AD5B0 /* HTTPServer.m */ = {isa = PBXFileReference; fileEncoding = 4; lastKnownFileType = sourcecode.c.objc; path = HTTPServer.m; sourceTree = "<group>"; };
		DF7EC9B80F9BFFA6005AD5B0 /* CFNetwork.framework */ = {isa = PBXFileReference; lastKnownFileType = wrapper.framework; name = CFNetwork.framework; path = System/Library/Frameworks/CFNetwork.framework; sourceTree = SDKROOT; };
		DFD4C5BE0FD6D30C00532647 /* ASIHTTPRequest.h */ = {isa = PBXFileReference; fileEncoding = 4; lastKnownFileType = sourcecode.c.h; name = ASIHTTPRequest.h; path = "asi-http-request/Classes/ASIHTTPRequest.h"; sourceTree = "<group>"; };
		DFD4C5BF0FD6D30C00532647 /* ASIHTTPRequest.m */ = {isa = PBXFileReference; fileEncoding = 4; lastKnownFileType = sourcecode.c.objc; name = ASIHTTPRequest.m; path = "asi-http-request/Classes/ASIHTTPRequest.m"; sourceTree = "<group>"; };
		DFD4C5C00FD6D30C00532647 /* ASINetworkQueue.h */ = {isa = PBXFileReference; fileEncoding = 4; lastKnownFileType = sourcecode.c.h; name = ASINetworkQueue.h; path = "asi-http-request/Classes/ASINetworkQueue.h"; sourceTree = "<group>"; };
		DFD4C5C10FD6D30C00532647 /* ASINetworkQueue.m */ = {isa = PBXFileReference; fileEncoding = 4; lastKnownFileType = sourcecode.c.objc; name = ASINetworkQueue.m; path = "asi-http-request/Classes/ASINetworkQueue.m"; sourceTree = "<group>"; };
		DFD4C5CC0FD6D3B800532647 /* libz.dylib */ = {isa = PBXFileReference; lastKnownFileType = "compiled.mach-o.dylib"; name = libz.dylib; path = usr/lib/libz.dylib; sourceTree = SDKROOT; };
/* End PBXFileReference section */

/* Begin PBXFrameworksBuildPhase section */
		1D60588F0D05DD3D006BFB54 /* Frameworks */ = {
			isa = PBXFrameworksBuildPhase;
			buildActionMask = 2147483647;
			files = (
				1D60589F0D05DD5A006BFB54 /* Foundation.framework in Frameworks */,
				1DF5F4E00D08C38300B7A737 /* UIKit.framework in Frameworks */,
				288765A50DF7441C002DB57D /* CoreGraphics.framework in Frameworks */,
				DF598EA20FA6D1B7005D6E40 /* libicucore.dylib in Frameworks */,
				DFD4C5CB0FD6D39A00532647 /* CFNetwork.framework in Frameworks */,
				DFD4C5CE0FD6D3B800532647 /* libz.dylib in Frameworks */,
			);
			runOnlyForDeploymentPostprocessing = 0;
		};
		DF7EC8E70F9BFCE8005AD5B0 /* Frameworks */ = {
			isa = PBXFrameworksBuildPhase;
			buildActionMask = 2147483647;
			files = (
				DF7EC8E80F9BFCE8005AD5B0 /* Foundation.framework in Frameworks */,
				DF7EC8E90F9BFCE8005AD5B0 /* UIKit.framework in Frameworks */,
				DF7EC8EA0F9BFCE8005AD5B0 /* CoreGraphics.framework in Frameworks */,
				DF7EC8F60F9BFD26005AD5B0 /* libxml2.dylib in Frameworks */,
				DF7EC9B90F9BFFA6005AD5B0 /* CFNetwork.framework in Frameworks */,
				DF598EA30FA6D1B7005D6E40 /* libicucore.dylib in Frameworks */,
				DFD4C5CD0FD6D3B800532647 /* libz.dylib in Frameworks */,
			);
			runOnlyForDeploymentPostprocessing = 0;
		};
/* End PBXFrameworksBuildPhase section */

/* Begin PBXGroup section */
		080E96DDFE201D6D7F000001 /* Classes */ = {
			isa = PBXGroup;
			children = (
				DF3D29EB0FD8E2DD00E2F374 /* Snap.h */,
				DF3D29EC0FD8E2DD00E2F374 /* Snap.m */,
				1D3623240D0F684500981E51 /* JustPlayedAppDelegate.h */,
				1D3623250D0F684500981E51 /* JustPlayedAppDelegate.m */,
				28D7ACF60DDB3853001CB0EB /* JustPlayedViewController.h */,
				28D7ACF70DDB3853001CB0EB /* JustPlayedViewController.m */,
			);
			path = Classes;
			sourceTree = "<group>";
		};
		19C28FACFE9D520D11CA2CBB /* Products */ = {
			isa = PBXGroup;
			children = (
				1D6058910D05DD3D006BFB54 /* Just Played.app */,
				DF7EC8EE0F9BFCE8005AD5B0 /* Just Played.app */,
			);
			name = Products;
			sourceTree = "<group>";
		};
		29B97314FDCFA39411CA2CEA /* CustomTemplate */ = {
			isa = PBXGroup;
			children = (
				080E96DDFE201D6D7F000001 /* Classes */,
				DFD4C5BD0FD6D2E700532647 /* ASIHTTPRequest */,
				DF7EC8FB0F9BFD50005AD5B0 /* Brominet */,
				DF7EC9490F9BFEC5005AD5B0 /* Server */,
				29B97315FDCFA39411CA2CEA /* Other Sources */,
				DF6A819A0FFE8F2600E580D5 /* Resources */,
				29B97323FDCFA39411CA2CEA /* Frameworks */,
				19C28FACFE9D520D11CA2CBB /* Products */,
				DF7EC8DA0F9BF9E9005AD5B0 /* libxml2.dylib */,
				DF598EA10FA6D1B7005D6E40 /* libicucore.dylib */,
				DFD4C5CC0FD6D3B800532647 /* libz.dylib */,
				DF7EC9B80F9BFFA6005AD5B0 /* CFNetwork.framework */,
			);
			name = CustomTemplate;
			sourceTree = "<group>";
		};
		29B97315FDCFA39411CA2CEA /* Other Sources */ = {
			isa = PBXGroup;
			children = (
				32CA4F630368D1EE00C91783 /* JustPlayed_Prefix.pch */,
				29B97316FDCFA39411CA2CEA /* main.m */,
			);
			name = "Other Sources";
			sourceTree = "<group>";
		};
		29B97323FDCFA39411CA2CEA /* Frameworks */ = {
			isa = PBXGroup;
			children = (
				1DF5F4DF0D08C38300B7A737 /* UIKit.framework */,
				1D30AB110D05D00D00671497 /* Foundation.framework */,
				288765A40DF7441C002DB57D /* CoreGraphics.framework */,
			);
			name = Frameworks;
			sourceTree = "<group>";
		};
		DF6A819A0FFE8F2600E580D5 /* Resources */ = {
			isa = PBXGroup;
			children = (
				DF6A819B0FFE8F2600E580D5 /* 53-house.png */,
				DF6A819C0FFE8F2600E580D5 /* 74-location.png */,
				DF6A819D0FFE8F2600E580D5 /* Default.png */,
				DF6A819E0FFE8F2600E580D5 /* Icon.png */,
				DF6A819F0FFE8F2600E580D5 /* Info.plist */,
				DF6A81A00FFE8F2600E580D5 /* JustPlayedViewController.xib */,
				DF6A81A10FFE8F2600E580D5 /* LargeIcon.png */,
				DF6A81A20FFE8F2600E580D5 /* MainWindow.xib */,
				DF6A81A30FFE8F2600E580D5 /* Settings.bundle */,
			);
			path = Resources;
			sourceTree = "<group>";
		};
		DF7EC8FB0F9BFD50005AD5B0 /* Brominet */ = {
			isa = PBXGroup;
			children = (
				DF7EC9180F9BFD50005AD5B0 /* ScriptRunner.h */,
				DF7EC9190F9BFD50005AD5B0 /* ScriptRunner.m */,
				DF7EC91B0F9BFD50005AD5B0 /* TouchSynthesis.h */,
				DF7EC91C0F9BFD50005AD5B0 /* TouchSynthesis.m */,
				DF7EC91D0F9BFD50005AD5B0 /* UIApplication+XMLDescription.h */,
				DF7EC91E0F9BFD50005AD5B0 /* UIApplication+XMLDescription.m */,
				DF7EC91F0F9BFD50005AD5B0 /* UIView+XMLDescription.h */,
				DF7EC9200F9BFD50005AD5B0 /* UIView+XMLDescription.m */,
				DF7EC9210F9BFD50005AD5B0 /* XMLDescription.h */,
				DF7EC9220F9BFD50005AD5B0 /* XPathQuery.h */,
				DF7EC9230F9BFD50005AD5B0 /* XPathQuery.m */,
			);
			name = Brominet;
			path = brominet;
			sourceTree = "<group>";
		};
		DF7EC9490F9BFEC5005AD5B0 /* Server */ = {
			isa = PBXGroup;
			children = (
				DF7EC9780F9BFEC5005AD5B0 /* AsyncSocket.h */,
				DF7EC9790F9BFEC5005AD5B0 /* AsyncSocket.m */,
				DF7EC97A0F9BFEC5005AD5B0 /* Classes */,
				DF7EC9810F9BFEC5005AD5B0 /* DDData.h */,
				DF7EC9820F9BFEC5005AD5B0 /* DDData.m */,
				DF7EC9830F9BFEC5005AD5B0 /* DDNumber.h */,
				DF7EC9840F9BFEC5005AD5B0 /* DDNumber.m */,
				DF7EC9850F9BFEC5005AD5B0 /* DDRange.h */,
				DF7EC9860F9BFEC5005AD5B0 /* DDRange.m */,
				DF7EC9870F9BFEC5005AD5B0 /* HTTPAuthenticationRequest.h */,
				DF7EC9880F9BFEC5005AD5B0 /* HTTPAuthenticationRequest.m */,
				DF7EC9890F9BFEC5005AD5B0 /* HTTPConnection.h */,
				DF7EC98A0F9BFEC5005AD5B0 /* HTTPConnection.m */,
				DF7EC98B0F9BFEC5005AD5B0 /* HTTPResponse.h */,
				DF7EC98C0F9BFEC5005AD5B0 /* HTTPResponse.m */,
				DF7EC98D0F9BFEC5005AD5B0 /* HTTPServer.h */,
				DF7EC98E0F9BFEC5005AD5B0 /* HTTPServer.m */,
			);
			name = Server;
			path = server;
			sourceTree = "<group>";
		};
		DF7EC97A0F9BFEC5005AD5B0 /* Classes */ = {
			isa = PBXGroup;
			children = (
				DF7EC97F0F9BFEC5005AD5B0 /* MyHTTPConnection.h */,
				DF7EC9800F9BFEC5005AD5B0 /* MyHTTPConnection.m */,
			);
			path = Classes;
			sourceTree = "<group>";
		};
		DFD4C5BD0FD6D2E700532647 /* ASIHTTPRequest */ = {
			isa = PBXGroup;
			children = (
				DFD4C5BE0FD6D30C00532647 /* ASIHTTPRequest.h */,
				DFD4C5BF0FD6D30C00532647 /* ASIHTTPRequest.m */,
				DFD4C5C00FD6D30C00532647 /* ASINetworkQueue.h */,
				DFD4C5C10FD6D30C00532647 /* ASINetworkQueue.m */,
			);
			name = ASIHTTPRequest;
			sourceTree = "<group>";
		};
/* End PBXGroup section */

/* Begin PBXNativeTarget section */
		1D6058900D05DD3D006BFB54 /* JustPlayed */ = {
			isa = PBXNativeTarget;
			buildConfigurationList = 1D6058960D05DD3E006BFB54 /* Build configuration list for PBXNativeTarget "JustPlayed" */;
			buildPhases = (
				1D60588D0D05DD3D006BFB54 /* Resources */,
				1D60588E0D05DD3D006BFB54 /* Sources */,
				1D60588F0D05DD3D006BFB54 /* Frameworks */,
			);
			buildRules = (
			);
			dependencies = (
			);
			name = JustPlayed;
			productName = JustPlayed;
			productReference = 1D6058910D05DD3D006BFB54 /* Just Played.app */;
			productType = "com.apple.product-type.application";
		};
		DF7EC8DE0F9BFCE8005AD5B0 /* Brominet */ = {
			isa = PBXNativeTarget;
			buildConfigurationList = DF7EC8EB0F9BFCE8005AD5B0 /* Build configuration list for PBXNativeTarget "Brominet" */;
			buildPhases = (
				DF7EC8DF0F9BFCE8005AD5B0 /* Resources */,
				DF7EC8E30F9BFCE8005AD5B0 /* Sources */,
				DF7EC8E70F9BFCE8005AD5B0 /* Frameworks */,
			);
			buildRules = (
			);
			dependencies = (
			);
			name = Brominet;
			productName = JustPlayed;
			productReference = DF7EC8EE0F9BFCE8005AD5B0 /* Just Played.app */;
			productType = "com.apple.product-type.application";
		};
/* End PBXNativeTarget section */

/* Begin PBXProject section */
		29B97313FDCFA39411CA2CEA /* Project object */ = {
			isa = PBXProject;
			buildConfigurationList = C01FCF4E08A954540054247B /* Build configuration list for PBXProject "JustPlayed" */;
			compatibilityVersion = "Xcode 3.1";
			hasScannedForEncodings = 1;
			mainGroup = 29B97314FDCFA39411CA2CEA /* CustomTemplate */;
			projectDirPath = "";
			projectRoot = "";
			targets = (
				1D6058900D05DD3D006BFB54 /* JustPlayed */,
				DF7EC8DE0F9BFCE8005AD5B0 /* Brominet */,
			);
		};
/* End PBXProject section */

/* Begin PBXResourcesBuildPhase section */
		1D60588D0D05DD3D006BFB54 /* Resources */ = {
			isa = PBXResourcesBuildPhase;
			buildActionMask = 2147483647;
			files = (
				DF6A81AD0FFE8F2600E580D5 /* 53-house.png in Resources */,
				DF6A81AE0FFE8F2600E580D5 /* 74-location.png in Resources */,
				DF6A81AF0FFE8F2600E580D5 /* Default.png in Resources */,
				DF6A81B00FFE8F2600E580D5 /* Icon.png in Resources */,
				DF6A81B20FFE8F2600E580D5 /* JustPlayedViewController.xib in Resources */,
				DF6A81B30FFE8F2600E580D5 /* LargeIcon.png in Resources */,
				DF6A81B40FFE8F2600E580D5 /* MainWindow.xib in Resources */,
				DF6A81B50FFE8F2600E580D5 /* Settings.bundle in Resources */,
			);
			runOnlyForDeploymentPostprocessing = 0;
		};
		DF7EC8DF0F9BFCE8005AD5B0 /* Resources */ = {
			isa = PBXResourcesBuildPhase;
			buildActionMask = 2147483647;
			files = (
				DF6A81A40FFE8F2600E580D5 /* 53-house.png in Resources */,
				DF6A81A50FFE8F2600E580D5 /* 74-location.png in Resources */,
				DF6A81A60FFE8F2600E580D5 /* Default.png in Resources */,
				DF6A81A70FFE8F2600E580D5 /* Icon.png in Resources */,
				DF6A81A90FFE8F2600E580D5 /* JustPlayedViewController.xib in Resources */,
				DF6A81AA0FFE8F2600E580D5 /* LargeIcon.png in Resources */,
				DF6A81AB0FFE8F2600E580D5 /* MainWindow.xib in Resources */,
				DF6A81AC0FFE8F2600E580D5 /* Settings.bundle in Resources */,
			);
			runOnlyForDeploymentPostprocessing = 0;
		};
/* End PBXResourcesBuildPhase section */

/* Begin PBXSourcesBuildPhase section */
		1D60588E0D05DD3D006BFB54 /* Sources */ = {
			isa = PBXSourcesBuildPhase;
			buildActionMask = 2147483647;
			files = (
				1D60589B0D05DD56006BFB54 /* main.m in Sources */,
				1D3623260D0F684500981E51 /* JustPlayedAppDelegate.m in Sources */,
				28D7ACF80DDB3853001CB0EB /* JustPlayedViewController.m in Sources */,
				DFD4C5C40FD6D30C00532647 /* ASIHTTPRequest.m in Sources */,
				DFD4C5C50FD6D30C00532647 /* ASINetworkQueue.m in Sources */,
				DF3D29EE0FD8E2DD00E2F374 /* Snap.m in Sources */,
			);
			runOnlyForDeploymentPostprocessing = 0;
		};
		DF7EC8E30F9BFCE8005AD5B0 /* Sources */ = {
			isa = PBXSourcesBuildPhase;
			buildActionMask = 2147483647;
			files = (
				DF7EC8E40F9BFCE8005AD5B0 /* main.m in Sources */,
				DF7EC8E50F9BFCE8005AD5B0 /* JustPlayedAppDelegate.m in Sources */,
				DF7EC8E60F9BFCE8005AD5B0 /* JustPlayedViewController.m in Sources */,
				DF7EC92D0F9BFD50005AD5B0 /* ScriptRunner.m in Sources */,
				DF7EC92F0F9BFD50005AD5B0 /* TouchSynthesis.m in Sources */,
				DF7EC9300F9BFD50005AD5B0 /* UIApplication+XMLDescription.m in Sources */,
				DF7EC9310F9BFD50005AD5B0 /* UIView+XMLDescription.m in Sources */,
				DF7EC9320F9BFD50005AD5B0 /* XPathQuery.m in Sources */,
				DF7EC9A00F9BFEC5005AD5B0 /* AsyncSocket.m in Sources */,
				DF7EC9A30F9BFEC5005AD5B0 /* MyHTTPConnection.m in Sources */,
				DF7EC9A40F9BFEC5005AD5B0 /* DDData.m in Sources */,
				DF7EC9A50F9BFEC5005AD5B0 /* DDNumber.m in Sources */,
				DF7EC9A60F9BFEC5005AD5B0 /* DDRange.m in Sources */,
				DF7EC9A70F9BFEC5005AD5B0 /* HTTPAuthenticationRequest.m in Sources */,
				DF7EC9A80F9BFEC5005AD5B0 /* HTTPConnection.m in Sources */,
				DF7EC9A90F9BFEC5005AD5B0 /* HTTPResponse.m in Sources */,
				DF7EC9AA0F9BFEC5005AD5B0 /* HTTPServer.m in Sources */,
				DFD4C5C20FD6D30C00532647 /* ASIHTTPRequest.m in Sources */,
				DFD4C5C30FD6D30C00532647 /* ASINetworkQueue.m in Sources */,
				DF3D29ED0FD8E2DD00E2F374 /* Snap.m in Sources */,
			);
			runOnlyForDeploymentPostprocessing = 0;
		};
/* End PBXSourcesBuildPhase section */

/* Begin XCBuildConfiguration section */
		1D6058940D05DD3E006BFB54 /* Debug */ = {
			isa = XCBuildConfiguration;
			buildSettings = {
				ALWAYS_SEARCH_USER_PATHS = NO;
				COPY_PHASE_STRIP = NO;
				GCC_DYNAMIC_NO_PIC = NO;
				GCC_OPTIMIZATION_LEVEL = 0;
				GCC_PRECOMPILE_PREFIX_HEADER = YES;
				GCC_PREFIX_HEADER = JustPlayed_Prefix.pch;
				INFOPLIST_FILE = Resources/Info.plist;
				PRODUCT_NAME = "Just Played";
			};
			name = Debug;
		};
		1D6058950D05DD3E006BFB54 /* Release */ = {
			isa = XCBuildConfiguration;
			buildSettings = {
				ALWAYS_SEARCH_USER_PATHS = NO;
				COPY_PHASE_STRIP = YES;
				GCC_PRECOMPILE_PREFIX_HEADER = YES;
				GCC_PREFIX_HEADER = JustPlayed_Prefix.pch;
				INFOPLIST_FILE = Resources/Info.plist;
				PRODUCT_NAME = "Just Played";
			};
			name = Release;
		};
		C01FCF4F08A954540054247B /* Debug */ = {
			isa = XCBuildConfiguration;
			buildSettings = {
				ARCHS = "$(ARCHS_STANDARD_32_BIT)";
				"CODE_SIGN_IDENTITY[sdk=iphoneos*]" = "iPhone Developer";
				GCC_C_LANGUAGE_STANDARD = c99;
				GCC_WARN_ABOUT_RETURN_TYPE = YES;
				GCC_WARN_UNUSED_VARIABLE = YES;
				INFOPLIST_FILE = Resources/Info.plist;
				ONLY_ACTIVE_ARCH = YES;
				PREBINDING = NO;
				SDKROOT = iphoneos2.2.1;
			};
			name = Debug;
		};
		C01FCF5008A954540054247B /* Release */ = {
			isa = XCBuildConfiguration;
			buildSettings = {
				ARCHS = "$(ARCHS_STANDARD_32_BIT)";
				"CODE_SIGN_IDENTITY[sdk=iphoneos*]" = "iPhone Developer";
				GCC_C_LANGUAGE_STANDARD = c99;
				GCC_WARN_ABOUT_RETURN_TYPE = YES;
				GCC_WARN_UNUSED_VARIABLE = YES;
				INFOPLIST_FILE = Resources/Info.plist;
				PREBINDING = NO;
				SDKROOT = iphoneos2.2.1;
			};
			name = Release;
		};
		DF7EC8EC0F9BFCE8005AD5B0 /* Debug */ = {
			isa = XCBuildConfiguration;
			buildSettings = {
				ALWAYS_SEARCH_USER_PATHS = NO;
				COPY_PHASE_STRIP = NO;
				GCC_DYNAMIC_NO_PIC = NO;
				GCC_OPTIMIZATION_LEVEL = 0;
				GCC_PRECOMPILE_PREFIX_HEADER = YES;
				GCC_PREFIX_HEADER = JustPlayed_Prefix.pch;
				GCC_PREPROCESSOR_DEFINITIONS = BROMINET_ENABLED;
				HEADER_SEARCH_PATHS = /Developer/Platforms/iPhoneOS.platform/Developer/SDKs/iPhoneOS2.2.1.sdk/usr/include/libxml2;
				INFOPLIST_FILE = Resources/Info.plist;
				PRODUCT_NAME = "Just Played";
			};
			name = Debug;
		};
		DF7EC8ED0F9BFCE8005AD5B0 /* Release */ = {
			isa = XCBuildConfiguration;
			buildSettings = {
				ALWAYS_SEARCH_USER_PATHS = NO;
				"CODE_SIGN_IDENTITY[sdk=iphoneos*]" = "iPhone Developer";
				COPY_PHASE_STRIP = YES;
				GCC_PRECOMPILE_PREFIX_HEADER = YES;
				GCC_PREFIX_HEADER = JustPlayed_Prefix.pch;
				GCC_PREPROCESSOR_DEFINITIONS = BROMINET_ENABLED;
				HEADER_SEARCH_PATHS = /Developer/Platforms/iPhoneOS.platform/Developer/SDKs/iPhoneOS2.2.1.sdk/usr/include/libxml2;
				INFOPLIST_FILE = Resources/Info.plist;
				PRODUCT_NAME = "Just Played";
				"PROVISIONING_PROFILE[sdk=iphoneos*]" = "";
			};
			name = Release;
		};
/* End XCBuildConfiguration section */

/* Begin XCConfigurationList section */
		1D6058960D05DD3E006BFB54 /* Build configuration list for PBXNativeTarget "JustPlayed" */ = {
			isa = XCConfigurationList;
			buildConfigurations = (
				1D6058940D05DD3E006BFB54 /* Debug */,
				1D6058950D05DD3E006BFB54 /* Release */,
			);
			defaultConfigurationIsVisible = 0;
			defaultConfigurationName = Release;
		};
		C01FCF4E08A954540054247B /* Build configuration list for PBXProject "JustPlayed" */ = {
			isa = XCConfigurationList;
			buildConfigurations = (
				C01FCF4F08A954540054247B /* Debug */,
				C01FCF5008A954540054247B /* Release */,
			);
			defaultConfigurationIsVisible = 0;
			defaultConfigurationName = Release;
		};
		DF7EC8EB0F9BFCE8005AD5B0 /* Build configuration list for PBXNativeTarget "Brominet" */ = {
			isa = XCConfigurationList;
			buildConfigurations = (
				DF7EC8EC0F9BFCE8005AD5B0 /* Debug */,
				DF7EC8ED0F9BFCE8005AD5B0 /* Release */,
			);
			defaultConfigurationIsVisible = 0;
			defaultConfigurationName = Release;
		};
/* End XCConfigurationList section */
	};
	rootObject = 29B97313FDCFA39411CA2CEA /* Project object */;
}
